
Microsoft Visual Studio Solution File, Format Version 12.00
# Visual Studio Version 17
VisualStudioVersion = 17.0.31919.166
MinimumVisualStudioVersion = 10.0.40219.1
Project("{FAE04EC0-301F-11D3-BF4B-00C04F79EFBC}") = "BilgeAdam.Numerator", "BilgeAdam.Numerator\BilgeAdam.Numerator.csproj", "{81FC8D25-2593-401F-9806-8FF694CBA904}"
EndProject
Global
	GlobalSection(SolutionConfigurationPlatforms) = preSolution
		Debug|Any CPU = Debug|Any CPU
		Release|Any CPU = Release|Any CPU
	EndGlobalSection
	GlobalSection(ProjectConfigurationPlatforms) = postSolution
		{81FC8D25-2593-401F-9806-8FF694CBA904}.Debug|Any CPU.ActiveCfg = Debug|Any CPU
		{81FC8D25-2593-401F-9806-8FF694CBA904}.Debug|Any CPU.Build.0 = Debug|Any CPU
		{81FC8D25-2593-401F-9806-8FF694CBA904}.Release|Any CPU.ActiveCfg = Release|Any CPU
		{81FC8D25-2593-401F-9806-8FF694CBA904}.Release|Any CPU.Build.0 = Release|Any CPU
	EndGlobalSection
	GlobalSection(SolutionProperties) = preSolution
		HideSolutionNode = FALSE
	EndGlobalSection
	GlobalSection(ExtensibilityGlobals) = postSolution
		SolutionGuid = {592A15A8-B6E6-4401-8D48-24718EC3C724}
	EndGlobalSection
EndGlobal
